<?xml version="1.0" encoding="utf-8"?>
<Project ToolsVersion="4.0" xmlns="http://schemas.microsoft.com/developer/msbuild/2003">
  <ItemGroup>
    <Filter Include="Pliki źródłowe">
      <UniqueIdentifier>{4FC737F1-C7A5-4376-A066-2A32D752A2FF}</UniqueIdentifier>
      <Extensions>cpp;c;cc;cxx;def;odl;idl;hpj;bat;asm;asmx</Extensions>
    </Filter>
    <Filter Include="Pliki nagłówkowe">
      <UniqueIdentifier>{93995380-89BD-4b04-88EB-625FBE52EBFB}</UniqueIdentifier>
      <Extensions>h;hh;hpp;hxx;hm;inl;inc;ipp;xsd</Extensions>
    </Filter>
    <Filter Include="Pliki zasobów">
      <UniqueIdentifier>{67DA6AB6-F800-4c08-8B7A-83BB121AAD01}</UniqueIdentifier>
      <Extensions>rc;ico;cur;bmp;dlg;rc2;rct;bin;rgs;gif;jpg;jpeg;jpe;resx;tiff;tif;png;wav;mfcribbon-ms</Extensions>
    </Filter>
    <Filter Include="Pliki nagłówkowe\abstract">
      <UniqueIdentifier>{5fdf8557-94fa-4e73-95b0-ced121478a08}</UniqueIdentifier>
    </Filter>
    <Filter Include="Pliki nagłówkowe\defines">
      <UniqueIdentifier>{07b9c1cd-9a41-4969-9fe9-640d8ec823b5}</UniqueIdentifier>
    </Filter>
    <Filter Include="Pliki nagłówkowe\geometry">
      <UniqueIdentifier>{2dac5aa1-33c0-47c1-9b25-cf5ae2fbda29}</UniqueIdentifier>
    </Filter>
    <Filter Include="Pliki nagłówkowe\ai">
      <UniqueIdentifier>{f2c80b94-2d77-4a2e-af4f-fd782d9d1264}</UniqueIdentifier>
    </Filter>
    <Filter Include="Pliki nagłówkowe\geometry\abstract">
      <UniqueIdentifier>{4d5158f8-ed44-496f-bffd-306618286b56}</UniqueIdentifier>
    </Filter>
    <Filter Include="Pliki nagłówkowe\allegro">
      <UniqueIdentifier>{bded5698-5368-4cdc-9426-64cc5d17fa4e}</UniqueIdentifier>
    </Filter>
    <Filter Include="Pliki nagłówkowe\allegro\abstract">
      <UniqueIdentifier>{22e6bb52-8867-46b5-b14a-6fe6e907ad7a}</UniqueIdentifier>
    </Filter>
    <Filter Include="Pliki nagłówkowe\multithreading">
      <UniqueIdentifier>{82974cd6-f7f1-4d5e-b014-017c6d134724}</UniqueIdentifier>
    </Filter>
    <Filter Include="Pliki nagłówkowe\in/out">
      <UniqueIdentifier>{7341a23e-bfe9-4754-bcae-a4744fc93803}</UniqueIdentifier>
    </Filter>
    <Filter Include="Pliki nagłówkowe\graphics">
      <UniqueIdentifier>{0b05a2cf-10f9-482c-abba-acb619094a0a}</UniqueIdentifier>
    </Filter>
    <Filter Include="Pliki nagłówkowe\graphics\abstract">
      <UniqueIdentifier>{8198bf4a-6150-4dcf-bc2e-83e983df5a47}</UniqueIdentifier>
    </Filter>
    <Filter Include="Pliki nagłówkowe\timing">
      <UniqueIdentifier>{de4e2f33-9475-4240-b126-ab38486713d4}</UniqueIdentifier>
    </Filter>
    <Filter Include="Pliki nagłówkowe\timing\abstract">
      <UniqueIdentifier>{bfe7440b-28df-48bd-af11-5b77a8731e91}</UniqueIdentifier>
    </Filter>
    <Filter Include="Pliki nagłówkowe\graphics\color">
      <UniqueIdentifier>{84665c89-0e00-4f71-b2a3-6cf8e0bd373d}</UniqueIdentifier>
    </Filter>
    <Filter Include="Pliki nagłówkowe\ai\abstract">
      <UniqueIdentifier>{840daf17-e815-4336-baa4-540459082a7d}</UniqueIdentifier>
    </Filter>
    <Filter Include="Pliki źródłowe\allegro">
      <UniqueIdentifier>{96d19212-4cce-48fc-b17c-62245ec3e0db}</UniqueIdentifier>
    </Filter>
    <Filter Include="Pliki źródłowe\timing">
      <UniqueIdentifier>{7e34f404-4a81-4fa3-821c-509d85be73b2}</UniqueIdentifier>
    </Filter>
    <Filter Include="Pliki źródłowe\timing\abstract">
      <UniqueIdentifier>{375d3823-3ffc-4de5-826f-9e0808c28d5e}</UniqueIdentifier>
    </Filter>
    <Filter Include="Pliki źródłowe\multithreading">
      <UniqueIdentifier>{a8b977ab-14ca-4d0c-a21b-1d18227aa133}</UniqueIdentifier>
    </Filter>
    <Filter Include="Pliki źródłowe\in/out">
      <UniqueIdentifier>{5a57dc2c-1b3b-43bb-b25b-19c7ec91010b}</UniqueIdentifier>
    </Filter>
    <Filter Include="Pliki źródłowe\abstract">
      <UniqueIdentifier>{6decfd50-37c1-4c2f-88f8-48d346d9178c}</UniqueIdentifier>
    </Filter>
    <Filter Include="Pliki źródłowe\geometry">
      <UniqueIdentifier>{50ac2ae0-34e6-49fa-937d-50b6b98af12a}</UniqueIdentifier>
    </Filter>
    <Filter Include="Pliki źródłowe\ai">
      <UniqueIdentifier>{3fcd577a-1222-472f-9598-ad3a29389e63}</UniqueIdentifier>
    </Filter>
    <Filter Include="Pliki źródłowe\ai\abstract">
      <UniqueIdentifier>{92c8e9d2-1d40-4507-a8f3-33dd00b85614}</UniqueIdentifier>
    </Filter>
    <Filter Include="Pliki nagłówkowe\gui">
      <UniqueIdentifier>{a79ed292-1dcf-4ea8-b0bf-1f9eb711be8a}</UniqueIdentifier>
    </Filter>
    <Filter Include="Pliki nagłówkowe\gui\abstract">
      <UniqueIdentifier>{6b775bad-563f-4963-b0c2-05213ef18cdd}</UniqueIdentifier>
    </Filter>
  </ItemGroup>
  <ItemGroup>
    <ClCompile Include="AllegroBitmap.cpp">
      <Filter>Pliki źródłowe\allegro</Filter>
    </ClCompile>
    <ClCompile Include="TimeDependent.cpp">
      <Filter>Pliki źródłowe\timing\abstract</Filter>
    </ClCompile>
    <ClCompile Include="AnimationExponential.cpp">
      <Filter>Pliki źródłowe\timing</Filter>
    </ClCompile>
    <ClCompile Include="AnimationLinear.cpp">
      <Filter>Pliki źródłowe\timing</Filter>
    </ClCompile>
    <ClCompile Include="LoopedThread.cpp">
      <Filter>Pliki źródłowe\multithreading</Filter>
    </ClCompile>
    <ClCompile Include="LoopedThreadGroup.cpp">
      <Filter>Pliki źródłowe\multithreading</Filter>
    </ClCompile>
    <ClCompile Include="Connection.cpp">
      <Filter>Pliki źródłowe\in/out</Filter>
    </ClCompile>
    <ClCompile Include="Node.cpp">
      <Filter>Pliki źródłowe\in/out</Filter>
    </ClCompile>
    <ClCompile Include="Randomizable.cpp">
      <Filter>Pliki źródłowe\abstract</Filter>
    </ClCompile>
    <ClCompile Include="Circle.cpp">
      <Filter>Pliki źródłowe\geometry</Filter>
    </ClCompile>
    <ClCompile Include="Neuron.cpp">
      <Filter>Pliki źródłowe\ai\abstract</Filter>
    </ClCompile>
    <ClCompile Include="NeuralNetwork.cpp">
      <Filter>Pliki źródłowe\ai</Filter>
    </ClCompile>
    <ClCompile Include="NeuronLinear.cpp">
      <Filter>Pliki źródłowe\ai</Filter>
    </ClCompile>
    <ClCompile Include="NeuronSigmoid.cpp">
      <Filter>Pliki źródłowe\ai</Filter>
    </ClCompile>
    <ClCompile Include="Synapse.cpp">
      <Filter>Pliki źródłowe\ai</Filter>
    </ClCompile>
    <ClCompile Include="DirectedGraph.cpp">
      <Filter>Pliki źródłowe\in/out</Filter>
    </ClCompile>
    <ClCompile Include="TimeLimited.cpp">
      <Filter>Pliki źródłowe\timing\abstract</Filter>
    </ClCompile>
    <ClCompile Include="Oscilation.cpp">
      <Filter>Pliki źródłowe\timing</Filter>
    </ClCompile>
    <ClCompile Include="OPTCounter.cpp">
      <Filter>Pliki źródłowe\timing</Filter>
    </ClCompile>
    <ClCompile Include="TimeManager.cpp">
      <Filter>Pliki źródłowe\timing</Filter>
    </ClCompile>
    <ClCompile Include="Transformation.cpp">
      <Filter>Pliki źródłowe\geometry</Filter>
    </ClCompile>
    <ClCompile Include="test.cpp">
      <Filter>Pliki źródłowe</Filter>
    </ClCompile>
    <ClCompile Include="AnimationQuarterSine.cpp">
      <Filter>Pliki źródłowe\timing</Filter>
    </ClCompile>
    <ClCompile Include="AnimationHalfCosine.cpp">
      <Filter>Pliki źródłowe\timing</Filter>
    </ClCompile>
  </ItemGroup>
  <ItemGroup>
    <ClInclude Include="Randomizable.h">
      <Filter>Pliki nagłówkowe\abstract</Filter>
    </ClInclude>
    <ClInclude Include="Square.h">
      <Filter>Pliki nagłówkowe\geometry</Filter>
    </ClInclude>
    <ClInclude Include="Mesh2D.h">
      <Filter>Pliki nagłówkowe\geometry</Filter>
    </ClInclude>
    <ClInclude Include="Circle.h">
      <Filter>Pliki nagłówkowe\geometry</Filter>
    </ClInclude>
    <ClInclude Include="Figure2D.h">
      <Filter>Pliki nagłówkowe\geometry\abstract</Filter>
    </ClInclude>
    <ClInclude Include="AllegroBitmap.h">
      <Filter>Pliki nagłówkowe\allegro</Filter>
    </ClInclude>
    <ClInclude Include="AllegroWindow.h">
      <Filter>Pliki nagłówkowe\allegro\abstract</Filter>
    </ClInclude>
    <ClInclude Include="LoopedThread.h">
      <Filter>Pliki nagłówkowe\multithreading</Filter>
    </ClInclude>
    <ClInclude Include="LoopedThreadGroup.h">
      <Filter>Pliki nagłówkowe\multithreading</Filter>
    </ClInclude>
    <ClInclude Include="ThreadDataQueue.h">
      <Filter>Pliki nagłówkowe\multithreading</Filter>
    </ClInclude>
    <ClInclude Include="Window.h">
      <Filter>Pliki nagłówkowe\graphics\abstract</Filter>
    </ClInclude>
    <ClInclude Include="AnimationExponential.h">
      <Filter>Pliki nagłówkowe\timing</Filter>
    </ClInclude>
    <ClInclude Include="AnimationLinear.h">
      <Filter>Pliki nagłówkowe\timing</Filter>
    </ClInclude>
    <ClInclude Include="TimeDependent.h">
      <Filter>Pliki nagłówkowe\timing\abstract</Filter>
    </ClInclude>
    <ClInclude Include="NeuralNetwork.h">
      <Filter>Pliki nagłówkowe\ai</Filter>
    </ClInclude>
    <ClInclude Include="State.h">
      <Filter>Pliki nagłówkowe\ai\abstract</Filter>
    </ClInclude>
    <ClInclude Include="AI.h">
      <Filter>Pliki nagłówkowe\ai\abstract</Filter>
    </ClInclude>
    <ClInclude Include="Node.h">
      <Filter>Pliki nagłówkowe\in/out</Filter>
    </ClInclude>
    <ClInclude Include="Connection.h">
      <Filter>Pliki nagłówkowe\in/out</Filter>
    </ClInclude>
    <ClInclude Include="DirectedGraph.h">
      <Filter>Pliki nagłówkowe\in/out</Filter>
    </ClInclude>
    <ClInclude Include="Synapse.h">
      <Filter>Pliki nagłówkowe\ai</Filter>
    </ClInclude>
    <ClInclude Include="NeuronLinear.h">
      <Filter>Pliki nagłówkowe\ai</Filter>
    </ClInclude>
    <ClInclude Include="NeuronSigmoid.h">
      <Filter>Pliki nagłówkowe\ai</Filter>
    </ClInclude>
    <ClInclude Include="Neuron.h">
      <Filter>Pliki nagłówkowe\ai\abstract</Filter>
    </ClInclude>
    <ClInclude Include="math_defines.h">
      <Filter>Pliki nagłówkowe\defines</Filter>
    </ClInclude>
    <ClInclude Include="Color.h">
      <Filter>Pliki nagłówkowe\graphics\color</Filter>
    </ClInclude>
    <ClInclude Include="DecisionTree.h">
      <Filter>Pliki nagłówkowe\ai</Filter>
    </ClInclude>
    <ClInclude Include="Drawable.h">
      <Filter>Pliki nagłówkowe\graphics\abstract</Filter>
    </ClInclude>
    <ClInclude Include="Array2D.h">
      <Filter>Pliki nagłówkowe</Filter>
    </ClInclude>
    <ClInclude Include="GUIManager.h">
      <Filter>Pliki nagłówkowe\gui</Filter>
    </ClInclude>
    <ClInclude Include="GUIElement.h">
      <Filter>Pliki nagłówkowe\gui\abstract</Filter>
    </ClInclude>
    <ClInclude Include="TimeLimited.h">
      <Filter>Pliki nagłówkowe\timing\abstract</Filter>
    </ClInclude>
    <ClInclude Include="Oscilation.h">
      <Filter>Pliki nagłówkowe\timing</Filter>
    </ClInclude>
    <ClInclude Include="OPTCounter.h">
      <Filter>Pliki nagłówkowe\timing</Filter>
    </ClInclude>
    <ClInclude Include="TimeManager.h">
      <Filter>Pliki nagłówkowe\timing</Filter>
    </ClInclude>
    <ClInclude Include="Vector2D.h">
      <Filter>Pliki nagłówkowe</Filter>
    </ClInclude>
    <ClInclude Include="Transformation.h">
      <Filter>Pliki nagłówkowe\geometry</Filter>
    </ClInclude>
    <ClInclude Include="AnimationQuarterSine.h">
      <Filter>Pliki nagłówkowe\timing</Filter>
    </ClInclude>
    <ClInclude Include="AnimationHalfCosine.h">
      <Filter>Pliki nagłówkowe\timing</Filter>
    </ClInclude>
    <ClInclude Include="Rectangle.h">
      <Filter>Pliki nagłówkowe\geometry</Filter>
    </ClInclude>
  </ItemGroup>
  <ItemGroup>
    <None Include="packages.config" />
  </ItemGroup>
</Project>